// !$*UTF8*$!
{
	archiveVersion = 1;
	classes = {
	};
	objectVersion = 56;
	objects = {

/* Begin PBXBuildFile section */
		C43421EA118C4EE085EEC159 /* CheckStreakIntent.swift in Sources */ = {isa = PBXBuildFile; fileRef = 086083CD8ACF475489E69E39 /* CheckStreakIntent.swift */; };
		BB82ED26EB8E438EBA4F0B93 /* Components.swift in Sources */ = {isa = PBXBuildFile; fileRef = EE5991CF5875471886611EC2 /* Components.swift */; };
		3E8FED4408D543539073E47E /* DesignSystem.swift in Sources */ = {isa = PBXBuildFile; fileRef = ED921B86FB9E4E54BE11EEE9 /* DesignSystem.swift */; };
		F3973CF7A80C4EC897CCDF3A /* FORGEApp.swift in Sources */ = {isa = PBXBuildFile; fileRef = 9C11223591FE42BA8D9872A3 /* FORGEApp.swift */; };
		0D9AD161FFC640918EACE69F /* ForgeShortcuts.swift in Sources */ = {isa = PBXBuildFile; fileRef = D4C2AE41478C4C43B32CE646 /* ForgeShortcuts.swift */; };
		3A2E387C7296403BA1B90159 /* AuthContainerView.swift in Sources */ = {isa = PBXBuildFile; fileRef = 775F8FEEB52B412D913C33D3 /* AuthContainerView.swift */; };
		9E796BAD91F44624A48A37CD /* BiometricLockView.swift in Sources */ = {isa = PBXBuildFile; fileRef = 6E80C3AF12A742D2A0C6CB5D /* BiometricLockView.swift */; };
		9370CC4191B04F8EB733CEF3 /* LoginView.swift in Sources */ = {isa = PBXBuildFile; fileRef = BEA133F9AF7B4F22B909B3E9 /* LoginView.swift */; };
		EA3226D4CE6B40838F9B1ED6 /* OnboardingView.swift in Sources */ = {isa = PBXBuildFile; fileRef = BF8C7FA542FD4E828DF637B9 /* OnboardingView.swift */; };
		E6985D359C0846A1818C500E /* SignUpView.swift in Sources */ = {isa = PBXBuildFile; fileRef = 07B864D2459F403E98F139E0 /* SignUpView.swift */; };
		4EE802CED34F4FD384F82325 /* BadgeGridView.swift in Sources */ = {isa = PBXBuildFile; fileRef = CF8A394A7BE94CD18001BADE /* BadgeGridView.swift */; };
		9A543EEF25BA419397025662 /* LevelDetailSheet.swift in Sources */ = {isa = PBXBuildFile; fileRef = 6DE27E110F8F4950843A503B /* LevelDetailSheet.swift */; };
		432FC2F3DA8F4515A7A79A7B /* CoachTipCard.swift in Sources */ = {isa = PBXBuildFile; fileRef = ABFCE0E2BDE64379B56FE97D /* CoachTipCard.swift */; };
		A9DA1DE7589641CA83318FCA /* HomeCards.swift in Sources */ = {isa = PBXBuildFile; fileRef = D738F9E8A75743AB95FAF0A2 /* HomeCards.swift */; };
		ECEBFED50C1541FEAAC5B9B8 /* HomeView.swift in Sources */ = {isa = PBXBuildFile; fileRef = 5B02231222ED48CEABFDA7FC /* HomeView.swift */; };
		EB7108363C324A1E90AB8217 /* MotivationContent.swift in Sources */ = {isa = PBXBuildFile; fileRef = 9C6DF028480D48E0BCDFB0E6 /* MotivationContent.swift */; };
		CFE68F4F05084D08BA1377D8 /* LiveWorkoutView.swift in Sources */ = {isa = PBXBuildFile; fileRef = BE79048CD8E84F6E81E23724 /* LiveWorkoutView.swift */; };
		CF0DBE547D5D482E96237712 /* RestTimerView.swift in Sources */ = {isa = PBXBuildFile; fileRef = 663E8A51D6EA45B9B3ED2389 /* RestTimerView.swift */; };
		66A697A3D21A4CE39662147B /* AvoidExercisesSheet.swift in Sources */ = {isa = PBXBuildFile; fileRef = DFFDA3CBF195454E8E867C16 /* AvoidExercisesSheet.swift */; };
		57D2AEBECDDC46A9A2B12646 /* BadgeDetailSheet.swift in Sources */ = {isa = PBXBuildFile; fileRef = 715327BDC1184E25986D8FDE /* BadgeDetailSheet.swift */; };
		6803EB4AE5DB43589F79CF40 /* ProfileView.swift in Sources */ = {isa = PBXBuildFile; fileRef = 481ED022CE3F4E4B9A0847CA /* ProfileView.swift */; };
		83602B2EB0C34D1CBCD11C5A /* TotalWorkoutsDetailSheet.swift in Sources */ = {isa = PBXBuildFile; fileRef = 3E93235615424204BE0F59AA /* TotalWorkoutsDetailSheet.swift */; };
		534B5B82D89F40348CB53E7E /* WeeklyRecapCard.swift in Sources */ = {isa = PBXBuildFile; fileRef = B7F878D8439A43E69D43D77F /* WeeklyRecapCard.swift */; };
		E14322D522D74F5491F1DA5D /* ProgramDetailSheet.swift in Sources */ = {isa = PBXBuildFile; fileRef = B1CE026CCCD74F8BA432B85B /* ProgramDetailSheet.swift */; };
		66FC65E4E2CC4ECA919AA1D6 /* ProgramListView.swift in Sources */ = {isa = PBXBuildFile; fileRef = 689E64C5CD0D45FBA3301A74 /* ProgramListView.swift */; };
		04AAC97492864E119B072349 /* TodayProgramCard.swift in Sources */ = {isa = PBXBuildFile; fileRef = 8B48B89047DD4A3CBE11F970 /* TodayProgramCard.swift */; };
		2C6085D10D09484284B6B08D /* BodyMeasurementsView.swift in Sources */ = {isa = PBXBuildFile; fileRef = 0BCB3996A1754F14BC806232 /* BodyMeasurementsView.swift */; };
		89C16400EA854F10B5914DAD /* CalendarHeatmapView.swift in Sources */ = {isa = PBXBuildFile; fileRef = 4F58FEC576F2475EA39BB84E /* CalendarHeatmapView.swift */; };
		B642C408A3144D708C192843 /* DayDetailSheet.swift in Sources */ = {isa = PBXBuildFile; fileRef = 921C4F0B0ED740DC84862EB7 /* DayDetailSheet.swift */; };
		28B4A94DA40E43B5B7619466 /* HydrationDetailSheet.swift in Sources */ = {isa = PBXBuildFile; fileRef = 99DD4724E9994B8B81B88F61 /* HydrationDetailSheet.swift */; };
		B2A6020D872A4DA79616C1EC /* MonthCalendarView.swift in Sources */ = {isa = PBXBuildFile; fileRef = 3695BF74EFA143E3AB278EF4 /* MonthCalendarView.swift */; };
		6531F4B141CC4F6CB69F5BCB /* PersonalRecordsView.swift in Sources */ = {isa = PBXBuildFile; fileRef = A433980367AC43FF93059DBB /* PersonalRecordsView.swift */; };
		2351795BDB8D414A831099D9 /* ProgressDashboardView.swift in Sources */ = {isa = PBXBuildFile; fileRef = 86A208390D774F8D9C0C31A5 /* ProgressDashboardView.swift */; };
		5F57DE1B48FC4DC2868E1C22 /* SleepDetailSheet.swift in Sources */ = {isa = PBXBuildFile; fileRef = 05BE6531341E4C13959D7C65 /* SleepDetailSheet.swift */; };
		92A4BD9B163843AB90E36952 /* WeekCalendarView.swift in Sources */ = {isa = PBXBuildFile; fileRef = 6EDD42A4EB1C48E3BB4D4D46 /* WeekCalendarView.swift */; };
		DF24F9B81ACD4C64803726A4 /* WeeklyChartsView.swift in Sources */ = {isa = PBXBuildFile; fileRef = 687B0F4B53C74C24BF8AE8D6 /* WeeklyChartsView.swift */; };
		1E5D79D227CB401892722607 /* WorkoutBreakdownSheet.swift in Sources */ = {isa = PBXBuildFile; fileRef = 244125BC21A04586BE272629 /* WorkoutBreakdownSheet.swift */; };
		401EB2536FD2443BBB46287D /* MainTabView.swift in Sources */ = {isa = PBXBuildFile; fileRef = 8DCEE50411E64FBDAF913815 /* MainTabView.swift */; };
		EBCD44B2DAA245D6B0A39279 /* RootView.swift in Sources */ = {isa = PBXBuildFile; fileRef = 428FF973B76E4F5C84FB276A /* RootView.swift */; };
		E998450F7FD84B5E8F863278 /* AddCustomExerciseSheet.swift in Sources */ = {isa = PBXBuildFile; fileRef = 85842A0AD88D4C6AA150BBAB /* AddCustomExerciseSheet.swift */; };
		9DD69AADD56244E6A31ED1D6 /* ExerciseDetailSheet.swift in Sources */ = {isa = PBXBuildFile; fileRef = 844665E89DD14110B1EE4A26 /* ExerciseDetailSheet.swift */; };
		77FDAE44237747ECA0BF699B /* ExerciseListView.swift in Sources */ = {isa = PBXBuildFile; fileRef = 2ECBEEF0A192486BBCD45215 /* ExerciseListView.swift */; };
		C2A85ADE09F6400B93EE54FF /* SubgroupListView.swift in Sources */ = {isa = PBXBuildFile; fileRef = 28336ED01DCA438A9651B734 /* SubgroupListView.swift */; };
		A36C0C0C3CF6456F9160272C /* SuggestView.swift in Sources */ = {isa = PBXBuildFile; fileRef = 4CAE491E9BC443C88EB8A282 /* SuggestView.swift */; };
		58BA195A4B0B4644958A2792 /* AddWorkoutSheet.swift in Sources */ = {isa = PBXBuildFile; fileRef = F032E0162C8E4830831B2095 /* AddWorkoutSheet.swift */; };
		6A7362D678614AF0B75D081A /* CopyDaySheet.swift in Sources */ = {isa = PBXBuildFile; fileRef = C716F58EF6944C8687FCDD8B /* CopyDaySheet.swift */; };
		FAAEFB0E53384953A9109F1D /* DaySectionView.swift in Sources */ = {isa = PBXBuildFile; fileRef = CE067A6FEA8A46ADA95BBEA6 /* DaySectionView.swift */; };
		7B8C504838C14EA691EAD1E5 /* TrainCategorization.swift in Sources */ = {isa = PBXBuildFile; fileRef = B2470F7487FF4946A9238E1A /* TrainCategorization.swift */; };
		5CB64867C7A04962B2931AE3 /* TrainView.swift in Sources */ = {isa = PBXBuildFile; fileRef = C6C6F5F8CFF244AA947D70D7 /* TrainView.swift */; };
		B288945035064CD4A81834BA /* WorkoutEntryDisplay.swift in Sources */ = {isa = PBXBuildFile; fileRef = C11F39BDAB2040E38F0DEA6E /* WorkoutEntryDisplay.swift */; };
		E1DDB94B818C445EAF957B39 /* WorkoutRow.swift in Sources */ = {isa = PBXBuildFile; fileRef = 602DEFD537BC425393D0EE0A /* WorkoutRow.swift */; };
		995748B446ED4F88832FE2C2 /* Account.swift in Sources */ = {isa = PBXBuildFile; fileRef = E85919BDF1474C98B8E2DB0A /* Account.swift */; };
		FE4E426194E44796835CA51C /* CheckIn.swift in Sources */ = {isa = PBXBuildFile; fileRef = FFDE4CCBEFB541719AC19D53 /* CheckIn.swift */; };
		96A0A562B72C4F8BA3708E76 /* CustomExercise.swift in Sources */ = {isa = PBXBuildFile; fileRef = 535E74F1705A48098DE24DDE /* CustomExercise.swift */; };
		F46957CAB5094ABA80A6C9A5 /* ExerciseLibrary.swift in Sources */ = {isa = PBXBuildFile; fileRef = 94818359B2B64736B7633C67 /* ExerciseLibrary.swift */; };
		355FA9A0B20A4690AA1A26CC /* Gamification.swift in Sources */ = {isa = PBXBuildFile; fileRef = 17675BFA426A4AB3B72829A4 /* Gamification.swift */; };
		64AF93D44D034576AF397652 /* Program.swift in Sources */ = {isa = PBXBuildFile; fileRef = 5F423C63ADA0447FBD41B5DD /* Program.swift */; };
		E473AA499CAF4C7B8B5FDC9A /* ProgramLibrary.swift in Sources */ = {isa = PBXBuildFile; fileRef = BD0540A5FFD54B19AB46CEBD /* ProgramLibrary.swift */; };
		28428DCD766E4F1C8523960D /* UserData.swift in Sources */ = {isa = PBXBuildFile; fileRef = A9FA63D3718442B6BC5FA754 /* UserData.swift */; };
		301FC8423B684D6AB3310422 /* WorkoutModels.swift in Sources */ = {isa = PBXBuildFile; fileRef = 70EF890E6C63418B99A31516 /* WorkoutModels.swift */; };
		65B5A5DD23CD49FDB5BCD8F7 /* AppState.swift in Sources */ = {isa = PBXBuildFile; fileRef = 93A28577862D47529206A136 /* AppState.swift */; };
		87551E0CD05645D2A4D85D8F /* AuthManager.swift in Sources */ = {isa = PBXBuildFile; fileRef = 1A42C3482DE3496AA4E8E617 /* AuthManager.swift */; };
		93D6DFA677C649D3AC818437 /* CoachEngine.swift in Sources */ = {isa = PBXBuildFile; fileRef = 276766D7EDF64BF6AE6E3864 /* CoachEngine.swift */; };
		23459F000968459F892189DF /* LiveWorkoutActivityManager.swift in Sources */ = {isa = PBXBuildFile; fileRef = A8A9F459A95B44D295BC00F1 /* LiveWorkoutActivityManager.swift */; };
		D97A7B3078DD4D529925FA34 /* ProgramEngine.swift in Sources */ = {isa = PBXBuildFile; fileRef = 1795B573C7DF428790826815 /* ProgramEngine.swift */; };
		2E64F9EAD1CF4EA2AB60322E /* ReminderScheduler.swift in Sources */ = {isa = PBXBuildFile; fileRef = BA4332E1B8A44BD7A956BDEA /* ReminderScheduler.swift */; };
		9CF965B3AA24463DBFB63273 /* Store.swift in Sources */ = {isa = PBXBuildFile; fileRef = 85E13E4F0C054097B3A22282 /* Store.swift */; };
		9E4F3A8AF5E843298CD0D644 /* StreakCalculator.swift in Sources */ = {isa = PBXBuildFile; fileRef = 812DEE529FA24865A739EDE5 /* StreakCalculator.swift */; };
		385C7D59A55345A9BA58BB56 /* WidgetSnapshot.swift in Sources */ = {isa = PBXBuildFile; fileRef = 8A0EFD949BB74880B9D7D617 /* WidgetSnapshot.swift */; };
		8DAA2C0CFBAE47279B295C16 /* Assets.xcassets in Resources */ = {isa = PBXBuildFile; fileRef = E7D799426DF049429F0814C5 /* Assets.xcassets */; };
		8E445943C1424A5394D9582B /* Manrope-Bold.ttf in Resources */ = {isa = PBXBuildFile; fileRef = 09B0366BB08B4285888868B8 /* Manrope-Bold.ttf */; };
		87993BF8CE88460780DFD804 /* Manrope-ExtraBold.ttf in Resources */ = {isa = PBXBuildFile; fileRef = 18DEB46026B2435EA17E2057 /* Manrope-ExtraBold.ttf */; };
		374B672652F7422A9F1D3B6E /* Manrope-Medium.ttf in Resources */ = {isa = PBXBuildFile; fileRef = 2BC9F09AB8E448558B2A332B /* Manrope-Medium.ttf */; };
		4440B06A6F6C431B967F9A90 /* Manrope-Regular.ttf in Resources */ = {isa = PBXBuildFile; fileRef = 23D4EA6F86404D50B4C9C974 /* Manrope-Regular.ttf */; };
		2EBC63DC36314A31A6F6DA16 /* Manrope-SemiBold.ttf in Resources */ = {isa = PBXBuildFile; fileRef = 3D17FE25D0B14671A774766B /* Manrope-SemiBold.ttf */; };
		EB6BD3D754354512846C57E9 /* SpaceGrotesk-Bold.ttf in Resources */ = {isa = PBXBuildFile; fileRef = CEC004B2F76A420692A9D1F2 /* SpaceGrotesk-Bold.ttf */; };
		CFA51E1D584A47E29018873B /* SpaceGrotesk-Medium.ttf in Resources */ = {isa = PBXBuildFile; fileRef = 6ADA3B1649CC44F886CA22A5 /* SpaceGrotesk-Medium.ttf */; };
		6C896B359E724AD2A9053A66 /* SpaceGrotesk-Regular.ttf in Resources */ = {isa = PBXBuildFile; fileRef = F32B378BD6B24F2284BF9B1B /* SpaceGrotesk-Regular.ttf */; };
		2018245E98FD47A0B1C4E7AC /* ForgeWaterWidget.swift in Sources */ = {isa = PBXBuildFile; fileRef = 4420905D8F3A473E8961F85C /* ForgeWaterWidget.swift */; };
		7AE4E4B800724BD99BB229FA /* ForgeWidget.swift in Sources */ = {isa = PBXBuildFile; fileRef = FE8E140FE33A4E33A9DC2E83 /* ForgeWidget.swift */; };
		4E1F5029FFB74214A44D65F8 /* ForgeWidgetBundle.swift in Sources */ = {isa = PBXBuildFile; fileRef = 08EFECBF8B3941E9AF8FEC8F /* ForgeWidgetBundle.swift */; };
		A2677413A60E4C6AB27AD972 /* LiveWorkoutActivityWidget.swift in Sources */ = {isa = PBXBuildFile; fileRef = B17046041D75480A88E99715 /* LiveWorkoutActivityWidget.swift */; };
		740A7F57ABDA471999290503 /* WidgetSnapshot.swift in Sources */ = {isa = PBXBuildFile; fileRef = 8A0EFD949BB74880B9D7D617 /* WidgetSnapshot.swift */; };

		FD4718CDE97541F0B5F9EC00 /* ForgeWidgetExtension.appex in Embed Foundation Extensions */ = {isa = PBXBuildFile; fileRef = B28EEB2C14694BD193B898F6 /* ForgeWidgetExtension.appex */; settings = {ATTRIBUTES = (RemoveHeadersOnCopy, ); }; };
/* End PBXBuildFile section */

/* Begin PBXContainerItemProxy section */
		4BF2BD6149BB4396A83FA1E3 /* PBXContainerItemProxy */ = {
			isa = PBXContainerItemProxy;
			containerPortal = 0229728D0F3A4BE3AE5CE3E1 /* Project object */;
			proxyType = 1;
			remoteGlobalIDString = 96A0C6753037458191019B2B;
			remoteInfo = ForgeWidgetExtension;
		};
/* End PBXContainerItemProxy section */

/* Begin PBXCopyFilesBuildPhase section */
		047598D1F7B14BC9B4B73B09 /* Embed Foundation Extensions */ = {
			isa = PBXCopyFilesBuildPhase;
			buildActionMask = 2147483647;
			dstPath = "";
			dstSubfolderSpec = 13;
			files = (
				FD4718CDE97541F0B5F9EC00 /* ForgeWidgetExtension.appex in Embed Foundation Extensions */,
			);
			name = "Embed Foundation Extensions";
			runOnlyForDeploymentPostprocessing = 0;
		};
/* End PBXCopyFilesBuildPhase section */

/* Begin PBXFileReference section */
		EFEE5D1D44C64BB9A8155DD7 /* FORGE.app */ = {isa = PBXFileReference; explicitFileType = wrapper.application; includeInIndex = 0; path = FORGE.app; sourceTree = BUILT_PRODUCTS_DIR; };
		B28EEB2C14694BD193B898F6 /* ForgeWidgetExtension.appex */ = {isa = PBXFileReference; explicitFileType = "wrapper.app-extension"; includeInIndex = 0; path = ForgeWidgetExtension.appex; sourceTree = BUILT_PRODUCTS_DIR; };
		CDF8DD806E994FBA9803E3CD /* Info.plist */ = {isa = PBXFileReference; lastKnownFileType = text.plist.xml; path = Info.plist; sourceTree = "<group>"; };
		086083CD8ACF475489E69E39 /* CheckStreakIntent.swift */ = {isa = PBXFileReference; lastKnownFileType = sourcecode.swift; path = CheckStreakIntent.swift; sourceTree = "<group>"; };
		EE5991CF5875471886611EC2 /* Components.swift */ = {isa = PBXFileReference; lastKnownFileType = sourcecode.swift; path = Components.swift; sourceTree = "<group>"; };
		ED921B86FB9E4E54BE11EEE9 /* DesignSystem.swift */ = {isa = PBXFileReference; lastKnownFileType = sourcecode.swift; path = DesignSystem.swift; sourceTree = "<group>"; };
		9C11223591FE42BA8D9872A3 /* FORGEApp.swift */ = {isa = PBXFileReference; lastKnownFileType = sourcecode.swift; path = FORGEApp.swift; sourceTree = "<group>"; };
		D4C2AE41478C4C43B32CE646 /* ForgeShortcuts.swift */ = {isa = PBXFileReference; lastKnownFileType = sourcecode.swift; path = ForgeShortcuts.swift; sourceTree = "<group>"; };
		05E3AF2D02BC41628D3266C0 /* App */ = {
			isa = PBXGroup;
			children = (
				086083CD8ACF475489E69E39 /* CheckStreakIntent.swift */,
				EE5991CF5875471886611EC2 /* Components.swift */,
				ED921B86FB9E4E54BE11EEE9 /* DesignSystem.swift */,
				9C11223591FE42BA8D9872A3 /* FORGEApp.swift */,
				D4C2AE41478C4C43B32CE646 /* ForgeShortcuts.swift */,
			);
			path = App;
			sourceTree = "<group>";
		};
		E7D799426DF049429F0814C5 /* Assets.xcassets */ = {isa = PBXFileReference; lastKnownFileType = folder.assetcatalog; path = Assets.xcassets; sourceTree = "<group>"; };
		90F64A5DFE3845D681A97D28 /* FORGE.entitlements */ = {isa = PBXFileReference; lastKnownFileType = text.plist.xml; path = FORGE.entitlements; sourceTree = "<group>"; };
		775F8FEEB52B412D913C33D3 /* AuthContainerView.swift */ = {isa = PBXFileReference; lastKnownFileType = sourcecode.swift; path = AuthContainerView.swift; sourceTree = "<group>"; };
		6E80C3AF12A742D2A0C6CB5D /* BiometricLockView.swift */ = {isa = PBXFileReference; lastKnownFileType = sourcecode.swift; path = BiometricLockView.swift; sourceTree = "<group>"; };
		BEA133F9AF7B4F22B909B3E9 /* LoginView.swift */ = {isa = PBXFileReference; lastKnownFileType = sourcecode.swift; path = LoginView.swift; sourceTree = "<group>"; };
		BF8C7FA542FD4E828DF637B9 /* OnboardingView.swift */ = {isa = PBXFileReference; lastKnownFileType = sourcecode.swift; path = OnboardingView.swift; sourceTree = "<group>"; };
		07B864D2459F403E98F139E0 /* SignUpView.swift */ = {isa = PBXFileReference; lastKnownFileType = sourcecode.swift; path = SignUpView.swift; sourceTree = "<group>"; };
		FC213CF788124C40BA83B178 /* Auth */ = {
			isa = PBXGroup;
			children = (
				775F8FEEB52B412D913C33D3 /* AuthContainerView.swift */,
				6E80C3AF12A742D2A0C6CB5D /* BiometricLockView.swift */,
				BEA133F9AF7B4F22B909B3E9 /* LoginView.swift */,
				BF8C7FA542FD4E828DF637B9 /* OnboardingView.swift */,
				07B864D2459F403E98F139E0 /* SignUpView.swift */,
			);
			path = Auth;
			sourceTree = "<group>";
		};
		CF8A394A7BE94CD18001BADE /* BadgeGridView.swift */ = {isa = PBXFileReference; lastKnownFileType = sourcecode.swift; path = BadgeGridView.swift; sourceTree = "<group>"; };
		6DE27E110F8F4950843A503B /* LevelDetailSheet.swift */ = {isa = PBXFileReference; lastKnownFileType = sourcecode.swift; path = LevelDetailSheet.swift; sourceTree = "<group>"; };
		0A85F04510064C38BDEC454F /* Gamification */ = {
			isa = PBXGroup;
			children = (
				CF8A394A7BE94CD18001BADE /* BadgeGridView.swift */,
				6DE27E110F8F4950843A503B /* LevelDetailSheet.swift */,
			);
			path = Gamification;
			sourceTree = "<group>";
		};
		ABFCE0E2BDE64379B56FE97D /* CoachTipCard.swift */ = {isa = PBXFileReference; lastKnownFileType = sourcecode.swift; path = CoachTipCard.swift; sourceTree = "<group>"; };
		D738F9E8A75743AB95FAF0A2 /* HomeCards.swift */ = {isa = PBXFileReference; lastKnownFileType = sourcecode.swift; path = HomeCards.swift; sourceTree = "<group>"; };
		5B02231222ED48CEABFDA7FC /* HomeView.swift */ = {isa = PBXFileReference; lastKnownFileType = sourcecode.swift; path = HomeView.swift; sourceTree = "<group>"; };
		9C6DF028480D48E0BCDFB0E6 /* MotivationContent.swift */ = {isa = PBXFileReference; lastKnownFileType = sourcecode.swift; path = MotivationContent.swift; sourceTree = "<group>"; };
		002A3A5C16AF4C3BA0B8B02E /* Home */ = {
			isa = PBXGroup;
			children = (
				ABFCE0E2BDE64379B56FE97D /* CoachTipCard.swift */,
				D738F9E8A75743AB95FAF0A2 /* HomeCards.swift */,
				5B02231222ED48CEABFDA7FC /* HomeView.swift */,
				9C6DF028480D48E0BCDFB0E6 /* MotivationContent.swift */,
			);
			path = Home;
			sourceTree = "<group>";
		};
		BE79048CD8E84F6E81E23724 /* LiveWorkoutView.swift */ = {isa = PBXFileReference; lastKnownFileType = sourcecode.swift; path = LiveWorkoutView.swift; sourceTree = "<group>"; };
		663E8A51D6EA45B9B3ED2389 /* RestTimerView.swift */ = {isa = PBXFileReference; lastKnownFileType = sourcecode.swift; path = RestTimerView.swift; sourceTree = "<group>"; };
		173892BCB72943B8969F3577 /* LiveWorkout */ = {
			isa = PBXGroup;
			children = (
				BE79048CD8E84F6E81E23724 /* LiveWorkoutView.swift */,
				663E8A51D6EA45B9B3ED2389 /* RestTimerView.swift */,
			);
			path = LiveWorkout;
			sourceTree = "<group>";
		};
		DFFDA3CBF195454E8E867C16 /* AvoidExercisesSheet.swift */ = {isa = PBXFileReference; lastKnownFileType = sourcecode.swift; path = AvoidExercisesSheet.swift; sourceTree = "<group>"; };
		715327BDC1184E25986D8FDE /* BadgeDetailSheet.swift */ = {isa = PBXFileReference; lastKnownFileType = sourcecode.swift; path = BadgeDetailSheet.swift; sourceTree = "<group>"; };
		481ED022CE3F4E4B9A0847CA /* ProfileView.swift */ = {isa = PBXFileReference; lastKnownFileType = sourcecode.swift; path = ProfileView.swift; sourceTree = "<group>"; };
		3E93235615424204BE0F59AA /* TotalWorkoutsDetailSheet.swift */ = {isa = PBXFileReference; lastKnownFileType = sourcecode.swift; path = TotalWorkoutsDetailSheet.swift; sourceTree = "<group>"; };
		B7F878D8439A43E69D43D77F /* WeeklyRecapCard.swift */ = {isa = PBXFileReference; lastKnownFileType = sourcecode.swift; path = WeeklyRecapCard.swift; sourceTree = "<group>"; };
		F22970C4CA464F5B9434F68B /* Profile */ = {
			isa = PBXGroup;
			children = (
				DFFDA3CBF195454E8E867C16 /* AvoidExercisesSheet.swift */,
				715327BDC1184E25986D8FDE /* BadgeDetailSheet.swift */,
				481ED022CE3F4E4B9A0847CA /* ProfileView.swift */,
				3E93235615424204BE0F59AA /* TotalWorkoutsDetailSheet.swift */,
				B7F878D8439A43E69D43D77F /* WeeklyRecapCard.swift */,
			);
			path = Profile;
			sourceTree = "<group>";
		};
		B1CE026CCCD74F8BA432B85B /* ProgramDetailSheet.swift */ = {isa = PBXFileReference; lastKnownFileType = sourcecode.swift; path = ProgramDetailSheet.swift; sourceTree = "<group>"; };
		689E64C5CD0D45FBA3301A74 /* ProgramListView.swift */ = {isa = PBXFileReference; lastKnownFileType = sourcecode.swift; path = ProgramListView.swift; sourceTree = "<group>"; };
		8B48B89047DD4A3CBE11F970 /* TodayProgramCard.swift */ = {isa = PBXFileReference; lastKnownFileType = sourcecode.swift; path = TodayProgramCard.swift; sourceTree = "<group>"; };
		8DBC84192EB84AD6BCE92CF7 /* Programs */ = {
			isa = PBXGroup;
			children = (
				B1CE026CCCD74F8BA432B85B /* ProgramDetailSheet.swift */,
				689E64C5CD0D45FBA3301A74 /* ProgramListView.swift */,
				8B48B89047DD4A3CBE11F970 /* TodayProgramCard.swift */,
			);
			path = Programs;
			sourceTree = "<group>";
		};
		0BCB3996A1754F14BC806232 /* BodyMeasurementsView.swift */ = {isa = PBXFileReference; lastKnownFileType = sourcecode.swift; path = BodyMeasurementsView.swift; sourceTree = "<group>"; };
		4F58FEC576F2475EA39BB84E /* CalendarHeatmapView.swift */ = {isa = PBXFileReference; lastKnownFileType = sourcecode.swift; path = CalendarHeatmapView.swift; sourceTree = "<group>"; };
		921C4F0B0ED740DC84862EB7 /* DayDetailSheet.swift */ = {isa = PBXFileReference; lastKnownFileType = sourcecode.swift; path = DayDetailSheet.swift; sourceTree = "<group>"; };
		99DD4724E9994B8B81B88F61 /* HydrationDetailSheet.swift */ = {isa = PBXFileReference; lastKnownFileType = sourcecode.swift; path = HydrationDetailSheet.swift; sourceTree = "<group>"; };
		3695BF74EFA143E3AB278EF4 /* MonthCalendarView.swift */ = {isa = PBXFileReference; lastKnownFileType = sourcecode.swift; path = MonthCalendarView.swift; sourceTree = "<group>"; };
		A433980367AC43FF93059DBB /* PersonalRecordsView.swift */ = {isa = PBXFileReference; lastKnownFileType = sourcecode.swift; path = PersonalRecordsView.swift; sourceTree = "<group>"; };
		86A208390D774F8D9C0C31A5 /* ProgressDashboardView.swift */ = {isa = PBXFileReference; lastKnownFileType = sourcecode.swift; path = ProgressDashboardView.swift; sourceTree = "<group>"; };
		05BE6531341E4C13959D7C65 /* SleepDetailSheet.swift */ = {isa = PBXFileReference; lastKnownFileType = sourcecode.swift; path = SleepDetailSheet.swift; sourceTree = "<group>"; };
		6EDD42A4EB1C48E3BB4D4D46 /* WeekCalendarView.swift */ = {isa = PBXFileReference; lastKnownFileType = sourcecode.swift; path = WeekCalendarView.swift; sourceTree = "<group>"; };
		687B0F4B53C74C24BF8AE8D6 /* WeeklyChartsView.swift */ = {isa = PBXFileReference; lastKnownFileType = sourcecode.swift; path = WeeklyChartsView.swift; sourceTree = "<group>"; };
		244125BC21A04586BE272629 /* WorkoutBreakdownSheet.swift */ = {isa = PBXFileReference; lastKnownFileType = sourcecode.swift; path = WorkoutBreakdownSheet.swift; sourceTree = "<group>"; };
		8AE2EF93F7CE44AD9F638D7F /* Progress */ = {
			isa = PBXGroup;
			children = (
				0BCB3996A1754F14BC806232 /* BodyMeasurementsView.swift */,
				4F58FEC576F2475EA39BB84E /* CalendarHeatmapView.swift */,
				921C4F0B0ED740DC84862EB7 /* DayDetailSheet.swift */,
				99DD4724E9994B8B81B88F61 /* HydrationDetailSheet.swift */,
				3695BF74EFA143E3AB278EF4 /* MonthCalendarView.swift */,
				A433980367AC43FF93059DBB /* PersonalRecordsView.swift */,
				86A208390D774F8D9C0C31A5 /* ProgressDashboardView.swift */,
				05BE6531341E4C13959D7C65 /* SleepDetailSheet.swift */,
				6EDD42A4EB1C48E3BB4D4D46 /* WeekCalendarView.swift */,
				687B0F4B53C74C24BF8AE8D6 /* WeeklyChartsView.swift */,
				244125BC21A04586BE272629 /* WorkoutBreakdownSheet.swift */,
			);
			path = Progress;
			sourceTree = "<group>";
		};
		8DCEE50411E64FBDAF913815 /* MainTabView.swift */ = {isa = PBXFileReference; lastKnownFileType = sourcecode.swift; path = MainTabView.swift; sourceTree = "<group>"; };
		428FF973B76E4F5C84FB276A /* RootView.swift */ = {isa = PBXFileReference; lastKnownFileType = sourcecode.swift; path = RootView.swift; sourceTree = "<group>"; };
		FF7086BDF2E7474F8849CD87 /* Root */ = {
			isa = PBXGroup;
			children = (
				8DCEE50411E64FBDAF913815 /* MainTabView.swift */,
				428FF973B76E4F5C84FB276A /* RootView.swift */,
			);
			path = Root;
			sourceTree = "<group>";
		};
		85842A0AD88D4C6AA150BBAB /* AddCustomExerciseSheet.swift */ = {isa = PBXFileReference; lastKnownFileType = sourcecode.swift; path = AddCustomExerciseSheet.swift; sourceTree = "<group>"; };
		844665E89DD14110B1EE4A26 /* ExerciseDetailSheet.swift */ = {isa = PBXFileReference; lastKnownFileType = sourcecode.swift; path = ExerciseDetailSheet.swift; sourceTree = "<group>"; };
		2ECBEEF0A192486BBCD45215 /* ExerciseListView.swift */ = {isa = PBXFileReference; lastKnownFileType = sourcecode.swift; path = ExerciseListView.swift; sourceTree = "<group>"; };
		28336ED01DCA438A9651B734 /* SubgroupListView.swift */ = {isa = PBXFileReference; lastKnownFileType = sourcecode.swift; path = SubgroupListView.swift; sourceTree = "<group>"; };
		4CAE491E9BC443C88EB8A282 /* SuggestView.swift */ = {isa = PBXFileReference; lastKnownFileType = sourcecode.swift; path = SuggestView.swift; sourceTree = "<group>"; };
		E65880F6FFAF406281D6E992 /* Suggest */ = {
			isa = PBXGroup;
			children = (
				85842A0AD88D4C6AA150BBAB /* AddCustomExerciseSheet.swift */,
				844665E89DD14110B1EE4A26 /* ExerciseDetailSheet.swift */,
				2ECBEEF0A192486BBCD45215 /* ExerciseListView.swift */,
				28336ED01DCA438A9651B734 /* SubgroupListView.swift */,
				4CAE491E9BC443C88EB8A282 /* SuggestView.swift */,
			);
			path = Suggest;
			sourceTree = "<group>";
		};
		F032E0162C8E4830831B2095 /* AddWorkoutSheet.swift */ = {isa = PBXFileReference; lastKnownFileType = sourcecode.swift; path = AddWorkoutSheet.swift; sourceTree = "<group>"; };
		C716F58EF6944C8687FCDD8B /* CopyDaySheet.swift */ = {isa = PBXFileReference; lastKnownFileType = sourcecode.swift; path = CopyDaySheet.swift; sourceTree = "<group>"; };
		CE067A6FEA8A46ADA95BBEA6 /* DaySectionView.swift */ = {isa = PBXFileReference; lastKnownFileType = sourcecode.swift; path = DaySectionView.swift; sourceTree = "<group>"; };
		B2470F7487FF4946A9238E1A /* TrainCategorization.swift */ = {isa = PBXFileReference; lastKnownFileType = sourcecode.swift; path = TrainCategorization.swift; sourceTree = "<group>"; };
		C6C6F5F8CFF244AA947D70D7 /* TrainView.swift */ = {isa = PBXFileReference; lastKnownFileType = sourcecode.swift; path = TrainView.swift; sourceTree = "<group>"; };
		C11F39BDAB2040E38F0DEA6E /* WorkoutEntryDisplay.swift */ = {isa = PBXFileReference; lastKnownFileType = sourcecode.swift; path = WorkoutEntryDisplay.swift; sourceTree = "<group>"; };
		602DEFD537BC425393D0EE0A /* WorkoutRow.swift */ = {isa = PBXFileReference; lastKnownFileType = sourcecode.swift; path = WorkoutRow.swift; sourceTree = "<group>"; };
		BFEF703189714231BCE4014F /* Train */ = {
			isa = PBXGroup;
			children = (
				F032E0162C8E4830831B2095 /* AddWorkoutSheet.swift */,
				C716F58EF6944C8687FCDD8B /* CopyDaySheet.swift */,
				CE067A6FEA8A46ADA95BBEA6 /* DaySectionView.swift */,
				B2470F7487FF4946A9238E1A /* TrainCategorization.swift */,
				C6C6F5F8CFF244AA947D70D7 /* TrainView.swift */,
				C11F39BDAB2040E38F0DEA6E /* WorkoutEntryDisplay.swift */,
				602DEFD537BC425393D0EE0A /* WorkoutRow.swift */,
			);
			path = Train;
			sourceTree = "<group>";
		};
		4A54C258575041C4996A5819 /* Features */ = {
			isa = PBXGroup;
			children = (
				FC213CF788124C40BA83B178 /* Auth */,
				0A85F04510064C38BDEC454F /* Gamification */,
				002A3A5C16AF4C3BA0B8B02E /* Home */,
				173892BCB72943B8969F3577 /* LiveWorkout */,
				F22970C4CA464F5B9434F68B /* Profile */,
				8DBC84192EB84AD6BCE92CF7 /* Programs */,
				8AE2EF93F7CE44AD9F638D7F /* Progress */,
				FF7086BDF2E7474F8849CD87 /* Root */,
				E65880F6FFAF406281D6E992 /* Suggest */,
				BFEF703189714231BCE4014F /* Train */,
			);
			path = Features;
			sourceTree = "<group>";
		};
		EF904F143A6A401D9EB6B438 /* Info.plist */ = {isa = PBXFileReference; lastKnownFileType = text.plist.xml; path = Info.plist; sourceTree = "<group>"; };
		E85919BDF1474C98B8E2DB0A /* Account.swift */ = {isa = PBXFileReference; lastKnownFileType = sourcecode.swift; path = Account.swift; sourceTree = "<group>"; };
		FFDE4CCBEFB541719AC19D53 /* CheckIn.swift */ = {isa = PBXFileReference; lastKnownFileType = sourcecode.swift; path = CheckIn.swift; sourceTree = "<group>"; };
		535E74F1705A48098DE24DDE /* CustomExercise.swift */ = {isa = PBXFileReference; lastKnownFileType = sourcecode.swift; path = CustomExercise.swift; sourceTree = "<group>"; };
		94818359B2B64736B7633C67 /* ExerciseLibrary.swift */ = {isa = PBXFileReference; lastKnownFileType = sourcecode.swift; path = ExerciseLibrary.swift; sourceTree = "<group>"; };
		17675BFA426A4AB3B72829A4 /* Gamification.swift */ = {isa = PBXFileReference; lastKnownFileType = sourcecode.swift; path = Gamification.swift; sourceTree = "<group>"; };
		5F423C63ADA0447FBD41B5DD /* Program.swift */ = {isa = PBXFileReference; lastKnownFileType = sourcecode.swift; path = Program.swift; sourceTree = "<group>"; };
		BD0540A5FFD54B19AB46CEBD /* ProgramLibrary.swift */ = {isa = PBXFileReference; lastKnownFileType = sourcecode.swift; path = ProgramLibrary.swift; sourceTree = "<group>"; };
		A9FA63D3718442B6BC5FA754 /* UserData.swift */ = {isa = PBXFileReference; lastKnownFileType = sourcecode.swift; path = UserData.swift; sourceTree = "<group>"; };
		70EF890E6C63418B99A31516 /* WorkoutModels.swift */ = {isa = PBXFileReference; lastKnownFileType = sourcecode.swift; path = WorkoutModels.swift; sourceTree = "<group>"; };
		4CBE65C0269F444EAD5BDD65 /* Models */ = {
			isa = PBXGroup;
			children = (
				E85919BDF1474C98B8E2DB0A /* Account.swift */,
				FFDE4CCBEFB541719AC19D53 /* CheckIn.swift */,
				535E74F1705A48098DE24DDE /* CustomExercise.swift */,
				94818359B2B64736B7633C67 /* ExerciseLibrary.swift */,
				17675BFA426A4AB3B72829A4 /* Gamification.swift */,
				5F423C63ADA0447FBD41B5DD /* Program.swift */,
				BD0540A5FFD54B19AB46CEBD /* ProgramLibrary.swift */,
				A9FA63D3718442B6BC5FA754 /* UserData.swift */,
				70EF890E6C63418B99A31516 /* WorkoutModels.swift */,
			);
			path = Models;
			sourceTree = "<group>";
		};
		93A28577862D47529206A136 /* AppState.swift */ = {isa = PBXFileReference; lastKnownFileType = sourcecode.swift; path = AppState.swift; sourceTree = "<group>"; };
		1A42C3482DE3496AA4E8E617 /* AuthManager.swift */ = {isa = PBXFileReference; lastKnownFileType = sourcecode.swift; path = AuthManager.swift; sourceTree = "<group>"; };
		276766D7EDF64BF6AE6E3864 /* CoachEngine.swift */ = {isa = PBXFileReference; lastKnownFileType = sourcecode.swift; path = CoachEngine.swift; sourceTree = "<group>"; };
		A8A9F459A95B44D295BC00F1 /* LiveWorkoutActivityManager.swift */ = {isa = PBXFileReference; lastKnownFileType = sourcecode.swift; path = LiveWorkoutActivityManager.swift; sourceTree = "<group>"; };
		1795B573C7DF428790826815 /* ProgramEngine.swift */ = {isa = PBXFileReference; lastKnownFileType = sourcecode.swift; path = ProgramEngine.swift; sourceTree = "<group>"; };
		BA4332E1B8A44BD7A956BDEA /* ReminderScheduler.swift */ = {isa = PBXFileReference; lastKnownFileType = sourcecode.swift; path = ReminderScheduler.swift; sourceTree = "<group>"; };
		85E13E4F0C054097B3A22282 /* Store.swift */ = {isa = PBXFileReference; lastKnownFileType = sourcecode.swift; path = Store.swift; sourceTree = "<group>"; };
		812DEE529FA24865A739EDE5 /* StreakCalculator.swift */ = {isa = PBXFileReference; lastKnownFileType = sourcecode.swift; path = StreakCalculator.swift; sourceTree = "<group>"; };
		8A0EFD949BB74880B9D7D617 /* WidgetSnapshot.swift */ = {isa = PBXFileReference; lastKnownFileType = sourcecode.swift; path = WidgetSnapshot.swift; sourceTree = "<group>"; };
		3E702E8430F142C89EB44B3A /* Persistence */ = {
			isa = PBXGroup;
			children = (
				93A28577862D47529206A136 /* AppState.swift */,
				1A42C3482DE3496AA4E8E617 /* AuthManager.swift */,
				276766D7EDF64BF6AE6E3864 /* CoachEngine.swift */,
				A8A9F459A95B44D295BC00F1 /* LiveWorkoutActivityManager.swift */,
				1795B573C7DF428790826815 /* ProgramEngine.swift */,
				BA4332E1B8A44BD7A956BDEA /* ReminderScheduler.swift */,
				85E13E4F0C054097B3A22282 /* Store.swift */,
				812DEE529FA24865A739EDE5 /* StreakCalculator.swift */,
				8A0EFD949BB74880B9D7D617 /* WidgetSnapshot.swift */,
			);
			path = Persistence;
			sourceTree = "<group>";
		};
		09B0366BB08B4285888868B8 /* Manrope-Bold.ttf */ = {isa = PBXFileReference; lastKnownFileType = file; path = Manrope-Bold.ttf; sourceTree = "<group>"; };
		18DEB46026B2435EA17E2057 /* Manrope-ExtraBold.ttf */ = {isa = PBXFileReference; lastKnownFileType = file; path = Manrope-ExtraBold.ttf; sourceTree = "<group>"; };
		2BC9F09AB8E448558B2A332B /* Manrope-Medium.ttf */ = {isa = PBXFileReference; lastKnownFileType = file; path = Manrope-Medium.ttf; sourceTree = "<group>"; };
		23D4EA6F86404D50B4C9C974 /* Manrope-Regular.ttf */ = {isa = PBXFileReference; lastKnownFileType = file; path = Manrope-Regular.ttf; sourceTree = "<group>"; };
		3D17FE25D0B14671A774766B /* Manrope-SemiBold.ttf */ = {isa = PBXFileReference; lastKnownFileType = file; path = Manrope-SemiBold.ttf; sourceTree = "<group>"; };
		CEC004B2F76A420692A9D1F2 /* SpaceGrotesk-Bold.ttf */ = {isa = PBXFileReference; lastKnownFileType = file; path = SpaceGrotesk-Bold.ttf; sourceTree = "<group>"; };
		6ADA3B1649CC44F886CA22A5 /* SpaceGrotesk-Medium.ttf */ = {isa = PBXFileReference; lastKnownFileType = file; path = SpaceGrotesk-Medium.ttf; sourceTree = "<group>"; };
		F32B378BD6B24F2284BF9B1B /* SpaceGrotesk-Regular.ttf */ = {isa = PBXFileReference; lastKnownFileType = file; path = SpaceGrotesk-Regular.ttf; sourceTree = "<group>"; };
		A401A86BBE7148358EC520F8 /* Fonts */ = {
			isa = PBXGroup;
			children = (
				09B0366BB08B4285888868B8 /* Manrope-Bold.ttf */,
				18DEB46026B2435EA17E2057 /* Manrope-ExtraBold.ttf */,
				2BC9F09AB8E448558B2A332B /* Manrope-Medium.ttf */,
				23D4EA6F86404D50B4C9C974 /* Manrope-Regular.ttf */,
				3D17FE25D0B14671A774766B /* Manrope-SemiBold.ttf */,
				CEC004B2F76A420692A9D1F2 /* SpaceGrotesk-Bold.ttf */,
				6ADA3B1649CC44F886CA22A5 /* SpaceGrotesk-Medium.ttf */,
				F32B378BD6B24F2284BF9B1B /* SpaceGrotesk-Regular.ttf */,
			);
			path = Fonts;
			sourceTree = "<group>";
		};
		94EE2738E1F041FD83BC58C4 /* Resources */ = {
			isa = PBXGroup;
			children = (
				A401A86BBE7148358EC520F8 /* Fonts */,
			);
			path = Resources;
			sourceTree = "<group>";
		};
		B3C0D950A7DD4A0FB71D8584 /* FORGE */ = {
			isa = PBXGroup;
			children = (
				05E3AF2D02BC41628D3266C0 /* App */,
				E7D799426DF049429F0814C5 /* Assets.xcassets */,
				90F64A5DFE3845D681A97D28 /* FORGE.entitlements */,
				4A54C258575041C4996A5819 /* Features */,
				EF904F143A6A401D9EB6B438 /* Info.plist */,
				4CBE65C0269F444EAD5BDD65 /* Models */,
				3E702E8430F142C89EB44B3A /* Persistence */,
				94EE2738E1F041FD83BC58C4 /* Resources */,
			);
			path = FORGE;
			sourceTree = "<group>";
		};
		4420905D8F3A473E8961F85C /* ForgeWaterWidget.swift */ = {isa = PBXFileReference; lastKnownFileType = sourcecode.swift; path = ForgeWaterWidget.swift; sourceTree = "<group>"; };
		0C641825600743B9ADC928F5 /* ForgeWidget.entitlements */ = {isa = PBXFileReference; lastKnownFileType = text.plist.xml; path = ForgeWidget.entitlements; sourceTree = "<group>"; };
		FE8E140FE33A4E33A9DC2E83 /* ForgeWidget.swift */ = {isa = PBXFileReference; lastKnownFileType = sourcecode.swift; path = ForgeWidget.swift; sourceTree = "<group>"; };
		08EFECBF8B3941E9AF8FEC8F /* ForgeWidgetBundle.swift */ = {isa = PBXFileReference; lastKnownFileType = sourcecode.swift; path = ForgeWidgetBundle.swift; sourceTree = "<group>"; };
		03A23AEABAAB47608D653D06 /* Info.plist */ = {isa = PBXFileReference; lastKnownFileType = text.plist.xml; path = Info.plist; sourceTree = "<group>"; };
		B17046041D75480A88E99715 /* LiveWorkoutActivityWidget.swift */ = {isa = PBXFileReference; lastKnownFileType = sourcecode.swift; path = LiveWorkoutActivityWidget.swift; sourceTree = "<group>"; };
		F32DE800BBC4457398A63199 /* ForgeWidget */ = {
			isa = PBXGroup;
			children = (
				4420905D8F3A473E8961F85C /* ForgeWaterWidget.swift */,
				0C641825600743B9ADC928F5 /* ForgeWidget.entitlements */,
				FE8E140FE33A4E33A9DC2E83 /* ForgeWidget.swift */,
				08EFECBF8B3941E9AF8FEC8F /* ForgeWidgetBundle.swift */,
				03A23AEABAAB47608D653D06 /* Info.plist */,
				B17046041D75480A88E99715 /* LiveWorkoutActivityWidget.swift */,
			);
			path = ForgeWidget;
			sourceTree = "<group>";
		};
/* End PBXFileReference section */

/* Begin PBXFrameworksBuildPhase section */
		D7227D773B4C4A0883D828BA /* Frameworks */ = {
			isa = PBXFrameworksBuildPhase;
			buildActionMask = 2147483647;
			files = (
			);
			runOnlyForDeploymentPostprocessing = 0;
		};
		BC3104A316834D8C8D31D777 /* Frameworks */ = {
			isa = PBXFrameworksBuildPhase;
			buildActionMask = 2147483647;
			files = (
			);
			runOnlyForDeploymentPostprocessing = 0;
		};
/* End PBXFrameworksBuildPhase section */

/* Begin PBXGroup section */
		23078038E1A84DCCB7B37747 = {
			isa = PBXGroup;
			children = (
				B3C0D950A7DD4A0FB71D8584 /* FORGE */,
				F32DE800BBC4457398A63199 /* ForgeWidget */,
				AE39466C85504F319FADCA8B /* Products */,
			);
			sourceTree = "<group>";
		};
		AE39466C85504F319FADCA8B /* Products */ = {
			isa = PBXGroup;
			children = (
				EFEE5D1D44C64BB9A8155DD7 /* FORGE.app */,
				B28EEB2C14694BD193B898F6 /* ForgeWidgetExtension.appex */,
			);
			name = Products;
			sourceTree = "<group>";
		};
/* End PBXGroup section */

/* Begin PBXNativeTarget section */
		FF5128F1A70E4A5FADED9DC1 /* FORGE */ = {
			isa = PBXNativeTarget;
			buildConfigurationList = 4841FDBDDB2B478A87D67745 /* Build configuration list for PBXNativeTarget "FORGE" */;
			buildPhases = (
				AFC44A91A5C8450EA64922EA /* Sources */,
				D7227D773B4C4A0883D828BA /* Frameworks */,
				F0D318C0CE4A432983E3BFE3 /* Resources */,
				047598D1F7B14BC9B4B73B09 /* Embed Foundation Extensions */,
			);
			buildRules = (
			);
			dependencies = (
				BD8EED2DA9CB40BABAF0B90C /* PBXTargetDependency */,
			);
			name = FORGE;
			productName = FORGE;
			productReference = EFEE5D1D44C64BB9A8155DD7 /* FORGE.app */;
			productType = "com.apple.product-type.application";
		};
		96A0C6753037458191019B2B /* ForgeWidgetExtension */ = {
			isa = PBXNativeTarget;
			buildConfigurationList = 2549992AC6FB41D79676AF69 /* Build configuration list for PBXNativeTarget "ForgeWidgetExtension" */;
			buildPhases = (
				A16E3ECC46054AA8823AB52C /* Sources */,
				BC3104A316834D8C8D31D777 /* Frameworks */,
				95069F0981A143349921E635 /* Resources */,
			);
			buildRules = (
			);
			dependencies = (
			);
			name = ForgeWidgetExtension;
			productName = ForgeWidgetExtension;
			productReference = B28EEB2C14694BD193B898F6 /* ForgeWidgetExtension.appex */;
			productType = "com.apple.product-type.app-extension";
		};
/* End PBXNativeTarget section */

/* Begin PBXProject section */
		0229728D0F3A4BE3AE5CE3E1 /* Project object */ = {
			isa = PBXProject;
			attributes = {
				BuildIndependentTargetsInParallel = 1;
				LastSwiftUpdateCheck = 1540;
				LastUpgradeCheck = 1540;
				TargetAttributes = {
					FF5128F1A70E4A5FADED9DC1 = {
						CreatedOnToolsVersion = 15.4;
					};
					96A0C6753037458191019B2B = {
						CreatedOnToolsVersion = 15.4;
					};
				};
			};
			buildConfigurationList = EC1FB89BEB9849F19E8D2B77 /* Build configuration list for PBXProject "FORGE" */;
			compatibilityVersion = "Xcode 14.0";
			developmentRegion = en;
			hasScannedForEncodings = 0;
			knownRegions = (
				en,
				Base,
			);
			mainGroup = 23078038E1A84DCCB7B37747;
			productRefGroup = AE39466C85504F319FADCA8B /* Products */;
			projectDirPath = "";
			projectRoot = "";
			targets = (
				FF5128F1A70E4A5FADED9DC1 /* FORGE */,
				96A0C6753037458191019B2B /* ForgeWidgetExtension */,
			);
		};
/* End PBXProject section */

/* Begin PBXResourcesBuildPhase section */
		F0D318C0CE4A432983E3BFE3 /* Resources */ = {
			isa = PBXResourcesBuildPhase;
			buildActionMask = 2147483647;
			files = (
				8DAA2C0CFBAE47279B295C16 /* Assets.xcassets in Resources */,
				8E445943C1424A5394D9582B /* Manrope-Bold.ttf in Resources */,
				87993BF8CE88460780DFD804 /* Manrope-ExtraBold.ttf in Resources */,
				374B672652F7422A9F1D3B6E /* Manrope-Medium.ttf in Resources */,
				4440B06A6F6C431B967F9A90 /* Manrope-Regular.ttf in Resources */,
				2EBC63DC36314A31A6F6DA16 /* Manrope-SemiBold.ttf in Resources */,
				EB6BD3D754354512846C57E9 /* SpaceGrotesk-Bold.ttf in Resources */,
				CFA51E1D584A47E29018873B /* SpaceGrotesk-Medium.ttf in Resources */,
				6C896B359E724AD2A9053A66 /* SpaceGrotesk-Regular.ttf in Resources */,
			);
			runOnlyForDeploymentPostprocessing = 0;
		};
		95069F0981A143349921E635 /* Resources */ = {
			isa = PBXResourcesBuildPhase;
			buildActionMask = 2147483647;
			files = (

			);
			runOnlyForDeploymentPostprocessing = 0;
		};
/* End PBXResourcesBuildPhase section */

/* Begin PBXSourcesBuildPhase section */
		AFC44A91A5C8450EA64922EA /* Sources */ = {
			isa = PBXSourcesBuildPhase;
			buildActionMask = 2147483647;
			files = (
				C43421EA118C4EE085EEC159 /* CheckStreakIntent.swift in Sources */,
				BB82ED26EB8E438EBA4F0B93 /* Components.swift in Sources */,
				3E8FED4408D543539073E47E /* DesignSystem.swift in Sources */,
				F3973CF7A80C4EC897CCDF3A /* FORGEApp.swift in Sources */,
				0D9AD161FFC640918EACE69F /* ForgeShortcuts.swift in Sources */,
				3A2E387C7296403BA1B90159 /* AuthContainerView.swift in Sources */,
				9E796BAD91F44624A48A37CD /* BiometricLockView.swift in Sources */,
				9370CC4191B04F8EB733CEF3 /* LoginView.swift in Sources */,
				EA3226D4CE6B40838F9B1ED6 /* OnboardingView.swift in Sources */,
				E6985D359C0846A1818C500E /* SignUpView.swift in Sources */,
				4EE802CED34F4FD384F82325 /* BadgeGridView.swift in Sources */,
				9A543EEF25BA419397025662 /* LevelDetailSheet.swift in Sources */,
				432FC2F3DA8F4515A7A79A7B /* CoachTipCard.swift in Sources */,
				A9DA1DE7589641CA83318FCA /* HomeCards.swift in Sources */,
				ECEBFED50C1541FEAAC5B9B8 /* HomeView.swift in Sources */,
				EB7108363C324A1E90AB8217 /* MotivationContent.swift in Sources */,
				CFE68F4F05084D08BA1377D8 /* LiveWorkoutView.swift in Sources */,
				CF0DBE547D5D482E96237712 /* RestTimerView.swift in Sources */,
				66A697A3D21A4CE39662147B /* AvoidExercisesSheet.swift in Sources */,
				57D2AEBECDDC46A9A2B12646 /* BadgeDetailSheet.swift in Sources */,
				6803EB4AE5DB43589F79CF40 /* ProfileView.swift in Sources */,
				83602B2EB0C34D1CBCD11C5A /* TotalWorkoutsDetailSheet.swift in Sources */,
				534B5B82D89F40348CB53E7E /* WeeklyRecapCard.swift in Sources */,
				E14322D522D74F5491F1DA5D /* ProgramDetailSheet.swift in Sources */,
				66FC65E4E2CC4ECA919AA1D6 /* ProgramListView.swift in Sources */,
				04AAC97492864E119B072349 /* TodayProgramCard.swift in Sources */,
				2C6085D10D09484284B6B08D /* BodyMeasurementsView.swift in Sources */,
				89C16400EA854F10B5914DAD /* CalendarHeatmapView.swift in Sources */,
				B642C408A3144D708C192843 /* DayDetailSheet.swift in Sources */,
				28B4A94DA40E43B5B7619466 /* HydrationDetailSheet.swift in Sources */,
				B2A6020D872A4DA79616C1EC /* MonthCalendarView.swift in Sources */,
				6531F4B141CC4F6CB69F5BCB /* PersonalRecordsView.swift in Sources */,
				2351795BDB8D414A831099D9 /* ProgressDashboardView.swift in Sources */,
				5F57DE1B48FC4DC2868E1C22 /* SleepDetailSheet.swift in Sources */,
				92A4BD9B163843AB90E36952 /* WeekCalendarView.swift in Sources */,
				DF24F9B81ACD4C64803726A4 /* WeeklyChartsView.swift in Sources */,
				1E5D79D227CB401892722607 /* WorkoutBreakdownSheet.swift in Sources */,
				401EB2536FD2443BBB46287D /* MainTabView.swift in Sources */,
				EBCD44B2DAA245D6B0A39279 /* RootView.swift in Sources */,
				E998450F7FD84B5E8F863278 /* AddCustomExerciseSheet.swift in Sources */,
				9DD69AADD56244E6A31ED1D6 /* ExerciseDetailSheet.swift in Sources */,
				77FDAE44237747ECA0BF699B /* ExerciseListView.swift in Sources */,
				C2A85ADE09F6400B93EE54FF /* SubgroupListView.swift in Sources */,
				A36C0C0C3CF6456F9160272C /* SuggestView.swift in Sources */,
				58BA195A4B0B4644958A2792 /* AddWorkoutSheet.swift in Sources */,
				6A7362D678614AF0B75D081A /* CopyDaySheet.swift in Sources */,
				FAAEFB0E53384953A9109F1D /* DaySectionView.swift in Sources */,
				7B8C504838C14EA691EAD1E5 /* TrainCategorization.swift in Sources */,
				5CB64867C7A04962B2931AE3 /* TrainView.swift in Sources */,
				B288945035064CD4A81834BA /* WorkoutEntryDisplay.swift in Sources */,
				E1DDB94B818C445EAF957B39 /* WorkoutRow.swift in Sources */,
				995748B446ED4F88832FE2C2 /* Account.swift in Sources */,
				FE4E426194E44796835CA51C /* CheckIn.swift in Sources */,
				96A0A562B72C4F8BA3708E76 /* CustomExercise.swift in Sources */,
				F46957CAB5094ABA80A6C9A5 /* ExerciseLibrary.swift in Sources */,
				355FA9A0B20A4690AA1A26CC /* Gamification.swift in Sources */,
				64AF93D44D034576AF397652 /* Program.swift in Sources */,
				E473AA499CAF4C7B8B5FDC9A /* ProgramLibrary.swift in Sources */,
				28428DCD766E4F1C8523960D /* UserData.swift in Sources */,
				301FC8423B684D6AB3310422 /* WorkoutModels.swift in Sources */,
				65B5A5DD23CD49FDB5BCD8F7 /* AppState.swift in Sources */,
				87551E0CD05645D2A4D85D8F /* AuthManager.swift in Sources */,
				93D6DFA677C649D3AC818437 /* CoachEngine.swift in Sources */,
				23459F000968459F892189DF /* LiveWorkoutActivityManager.swift in Sources */,
				D97A7B3078DD4D529925FA34 /* ProgramEngine.swift in Sources */,
				2E64F9EAD1CF4EA2AB60322E /* ReminderScheduler.swift in Sources */,
				9CF965B3AA24463DBFB63273 /* Store.swift in Sources */,
				9E4F3A8AF5E843298CD0D644 /* StreakCalculator.swift in Sources */,
				385C7D59A55345A9BA58BB56 /* WidgetSnapshot.swift in Sources */,
			);
			runOnlyForDeploymentPostprocessing = 0;
		};
		A16E3ECC46054AA8823AB52C /* Sources */ = {
			isa = PBXSourcesBuildPhase;
			buildActionMask = 2147483647;
			files = (
				2018245E98FD47A0B1C4E7AC /* ForgeWaterWidget.swift in Sources */,
				7AE4E4B800724BD99BB229FA /* ForgeWidget.swift in Sources */,
				4E1F5029FFB74214A44D65F8 /* ForgeWidgetBundle.swift in Sources */,
				A2677413A60E4C6AB27AD972 /* LiveWorkoutActivityWidget.swift in Sources */,
				740A7F57ABDA471999290503 /* WidgetSnapshot.swift in Sources */,
			);
			runOnlyForDeploymentPostprocessing = 0;
		};
/* End PBXSourcesBuildPhase section */

/* Begin PBXTargetDependency section */
		BD8EED2DA9CB40BABAF0B90C /* PBXTargetDependency */ = {
			isa = PBXTargetDependency;
			target = 96A0C6753037458191019B2B /* ForgeWidgetExtension */;
			targetProxy = 4BF2BD6149BB4396A83FA1E3 /* PBXContainerItemProxy */;
		};
/* End PBXTargetDependency section */

/* Begin XCBuildConfiguration section */
		866444C6824645D38A2EC8FD /* Debug */ = {
			isa = XCBuildConfiguration;
			buildSettings = {
				ALWAYS_SEARCH_USER_PATHS = NO;
				CLANG_ANALYZER_NONNULL = YES;
				CLANG_ENABLE_MODULES = YES;
				CLANG_ENABLE_OBJC_ARC = YES;
				CLANG_WARN_DOCUMENTATION_COMMENTS = YES;
				COPY_PHASE_STRIP = NO;
				DEBUG_INFORMATION_FORMAT = dwarf;
				ENABLE_STRICT_OBJC_MSGSEND = YES;
				ENABLE_TESTABILITY = YES;
				GCC_C_LANGUAGE_STANDARD = gnu17;
				GCC_DYNAMIC_NO_PIC = NO;
				GCC_OPTIMIZATION_LEVEL = 0;
				GCC_PREPROCESSOR_DEFINITIONS = (
					"DEBUG=1",
					"$(inherited)",
				);
				IPHONEOS_DEPLOYMENT_TARGET = 26.0;
				MTL_ENABLE_DEBUG_INFO = INCLUDE_SOURCE;
				MTL_FAST_MATH = YES;
				ONLY_ACTIVE_ARCH = YES;
				SDKROOT = iphoneos;
				SWIFT_ACTIVE_COMPILATION_CONDITIONS = DEBUG;
				SWIFT_OPTIMIZATION_LEVEL = "-Onone";
				SWIFT_VERSION = 5.0;
			};
			name = Debug;
		};
		4B7AA29CCB3A4529BBA393AC /* Release */ = {
			isa = XCBuildConfiguration;
			buildSettings = {
				ALWAYS_SEARCH_USER_PATHS = NO;
				CLANG_ANALYZER_NONNULL = YES;
				CLANG_ENABLE_MODULES = YES;
				CLANG_ENABLE_OBJC_ARC = YES;
				CLANG_WARN_DOCUMENTATION_COMMENTS = YES;
				COPY_PHASE_STRIP = NO;
				DEBUG_INFORMATION_FORMAT = "dwarf-with-dsym";
				ENABLE_NS_ASSERTIONS = NO;
				ENABLE_STRICT_OBJC_MSGSEND = YES;
				GCC_C_LANGUAGE_STANDARD = gnu17;
				IPHONEOS_DEPLOYMENT_TARGET = 26.0;
				MTL_ENABLE_DEBUG_INFO = NO;
				MTL_FAST_MATH = YES;
				SDKROOT = iphoneos;
				SWIFT_COMPILATION_MODE = wholemodule;
				SWIFT_OPTIMIZATION_LEVEL = "-O";
				SWIFT_VERSION = 5.0;
				VALIDATE_PRODUCT = YES;
			};
			name = Release;
		};
		47223055349649CD8757DB82 /* Debug */ = {
			isa = XCBuildConfiguration;
			buildSettings = {
				ASSETCATALOG_COMPILER_APPICON_NAME = AppIcon;
				ASSETCATALOG_COMPILER_GLOBAL_ACCENT_COLOR_NAME = AccentColor;
				CODE_SIGN_ENTITLEMENTS = FORGE/FORGE.entitlements;
				CODE_SIGN_STYLE = Automatic;
				CURRENT_PROJECT_VERSION = 1;
				ENABLE_PREVIEWS = YES;
				GENERATE_INFOPLIST_FILE = YES;
				INFOPLIST_FILE = FORGE/Info.plist;
				INFOPLIST_KEY_UIApplicationSupportsIndirectInputEvents = YES;
				INFOPLIST_KEY_UILaunchScreen_Generation = YES;
				LD_RUNPATH_SEARCH_PATHS = (
					"$(inherited)",
					"@executable_path/Frameworks",
				);
				MARKETING_VERSION = 1.0;
				PRODUCT_BUNDLE_IDENTIFIER = com.utkarsh25rk.forge;
				PRODUCT_NAME = "$(TARGET_NAME)";
				SWIFT_EMIT_LOC_STRINGS = YES;
				SWIFT_VERSION = 5.0;
				TARGETED_DEVICE_FAMILY = 1;
			};
			name = Debug;
		};
		49A6AD0F5E6A4792A0D5558F /* Release */ = {
			isa = XCBuildConfiguration;
			buildSettings = {
				ASSETCATALOG_COMPILER_APPICON_NAME = AppIcon;
				ASSETCATALOG_COMPILER_GLOBAL_ACCENT_COLOR_NAME = AccentColor;
				CODE_SIGN_ENTITLEMENTS = FORGE/FORGE.entitlements;
				CODE_SIGN_STYLE = Automatic;
				CURRENT_PROJECT_VERSION = 1;
				ENABLE_PREVIEWS = YES;
				GENERATE_INFOPLIST_FILE = YES;
				INFOPLIST_FILE = FORGE/Info.plist;
				INFOPLIST_KEY_UIApplicationSupportsIndirectInputEvents = YES;
				INFOPLIST_KEY_UILaunchScreen_Generation = YES;
				LD_RUNPATH_SEARCH_PATHS = (
					"$(inherited)",
					"@executable_path/Frameworks",
				);
				MARKETING_VERSION = 1.0;
				PRODUCT_BUNDLE_IDENTIFIER = com.utkarsh25rk.forge;
				PRODUCT_NAME = "$(TARGET_NAME)";
				SWIFT_EMIT_LOC_STRINGS = YES;
				SWIFT_VERSION = 5.0;
				TARGETED_DEVICE_FAMILY = 1;
			};
			name = Release;
		};
		0E7073BFECE14C26A468A5DB /* Debug */ = {
			isa = XCBuildConfiguration;
			buildSettings = {
				CODE_SIGN_ENTITLEMENTS = ForgeWidget/ForgeWidget.entitlements;
				CODE_SIGN_STYLE = Automatic;
				CURRENT_PROJECT_VERSION = 1;
				GENERATE_INFOPLIST_FILE = NO;
				INFOPLIST_FILE = ForgeWidget/Info.plist;
				IPHONEOS_DEPLOYMENT_TARGET = 26.0;
				LD_RUNPATH_SEARCH_PATHS = (
					"$(inherited)",
					"@executable_path/Frameworks",
					"@executable_path/../../Frameworks",
				);
				MARKETING_VERSION = 1.0;
				PRODUCT_BUNDLE_IDENTIFIER = com.utkarsh25rk.forge.widget;
				PRODUCT_NAME = "$(TARGET_NAME)";
				SKIP_INSTALL = YES;
				SWIFT_EMIT_LOC_STRINGS = YES;
				SWIFT_VERSION = 5.0;
				TARGETED_DEVICE_FAMILY = 1;
			};
			name = Debug;
		};
		6D31E7FE0F4246A1A0344C92 /* Release */ = {
			isa = XCBuildConfiguration;
			buildSettings = {
				CODE_SIGN_ENTITLEMENTS = ForgeWidget/ForgeWidget.entitlements;
				CODE_SIGN_STYLE = Automatic;
				CURRENT_PROJECT_VERSION = 1;
				GENERATE_INFOPLIST_FILE = NO;
				INFOPLIST_FILE = ForgeWidget/Info.plist;
				IPHONEOS_DEPLOYMENT_TARGET = 26.0;
				LD_RUNPATH_SEARCH_PATHS = (
					"$(inherited)",
					"@executable_path/Frameworks",
					"@executable_path/../../Frameworks",
				);
				MARKETING_VERSION = 1.0;
				PRODUCT_BUNDLE_IDENTIFIER = com.utkarsh25rk.forge.widget;
				PRODUCT_NAME = "$(TARGET_NAME)";
				SKIP_INSTALL = YES;
				SWIFT_EMIT_LOC_STRINGS = YES;
				SWIFT_VERSION = 5.0;
				TARGETED_DEVICE_FAMILY = 1;
			};
			name = Release;
		};
/* End XCBuildConfiguration section */

/* Begin XCConfigurationList section */
		EC1FB89BEB9849F19E8D2B77 /* Build configuration list for PBXProject "FORGE" */ = {
			isa = XCConfigurationList;
			buildConfigurations = (
				866444C6824645D38A2EC8FD /* Debug */,
				4B7AA29CCB3A4529BBA393AC /* Release */,
			);
			defaultConfigurationIsVisible = 0;
			defaultConfigurationName = Release;
		};
		4841FDBDDB2B478A87D67745 /* Build configuration list for PBXNativeTarget "FORGE" */ = {
			isa = XCConfigurationList;
			buildConfigurations = (
				47223055349649CD8757DB82 /* Debug */,
				49A6AD0F5E6A4792A0D5558F /* Release */,
			);
			defaultConfigurationIsVisible = 0;
			defaultConfigurationName = Release;
		};
		2549992AC6FB41D79676AF69 /* Build configuration list for PBXNativeTarget "ForgeWidgetExtension" */ = {
			isa = XCConfigurationList;
			buildConfigurations = (
				0E7073BFECE14C26A468A5DB /* Debug */,
				6D31E7FE0F4246A1A0344C92 /* Release */,
			);
			defaultConfigurationIsVisible = 0;
			defaultConfigurationName = Release;
		};
/* End XCConfigurationList section */
	};
	rootObject = 0229728D0F3A4BE3AE5CE3E1 /* Project object */;
}
